// !$*UTF8*$!
{
	archiveVersion = 1;
	classes = {
	};
	objectVersion = 50;
	objects = {

/* Begin PBXBuildFile section */
		D417410C2631BF6300229C8D /* AppDelegate.swift in Sources */ = {isa = PBXBuildFile; fileRef = D417410B2631BF6300229C8D /* AppDelegate.swift */; };
		D417410E2631BF6300229C8D /* SceneDelegate.swift in Sources */ = {isa = PBXBuildFile; fileRef = D417410D2631BF6300229C8D /* SceneDelegate.swift */; };
		D41741132631BF6300229C8D /* Main.storyboard in Resources */ = {isa = PBXBuildFile; fileRef = D41741112631BF6300229C8D /* Main.storyboard */; };
		D41741162631BF6300229C8D /* InstaPDP1.xcdatamodeld in Sources */ = {isa = PBXBuildFile; fileRef = D41741142631BF6300229C8D /* InstaPDP1.xcdatamodeld */; };
		D41741182631BF6600229C8D /* Assets.xcassets in Resources */ = {isa = PBXBuildFile; fileRef = D41741172631BF6600229C8D /* Assets.xcassets */; };
		D417411B2631BF6600229C8D /* LaunchScreen.storyboard in Resources */ = {isa = PBXBuildFile; fileRef = D41741192631BF6600229C8D /* LaunchScreen.storyboard */; };
		D41741282631BFBD00229C8D /* HomeViewController.swift in Sources */ = {isa = PBXBuildFile; fileRef = D41741262631BFBD00229C8D /* HomeViewController.swift */; };
		D41741292631BFBD00229C8D /* HomeViewController.xib in Resources */ = {isa = PBXBuildFile; fileRef = D41741272631BFBD00229C8D /* HomeViewController.xib */; };
		D417412D2631BFD600229C8D /* SignInViewController.swift in Sources */ = {isa = PBXBuildFile; fileRef = D417412B2631BFD600229C8D /* SignInViewController.swift */; };
		D417412E2631BFD600229C8D /* SignInViewController.xib in Resources */ = {isa = PBXBuildFile; fileRef = D417412C2631BFD600229C8D /* SignInViewController.xib */; };
		D41741322631BFEA00229C8D /* SignUpViewController.swift in Sources */ = {isa = PBXBuildFile; fileRef = D41741302631BFEA00229C8D /* SignUpViewController.swift */; };
		D41741332631BFEA00229C8D /* SignUpViewController.xib in Resources */ = {isa = PBXBuildFile; fileRef = D41741312631BFEA00229C8D /* SignUpViewController.xib */; };
		D4174136263302EC00229C8D /* BaseViewController.swift in Sources */ = {isa = PBXBuildFile; fileRef = D4174135263302EC00229C8D /* BaseViewController.swift */; };
/* End PBXBuildFile section */

/* Begin PBXFileReference section */
		D41741082631BF6300229C8D /* InstaPDP1.app */ = {isa = PBXFileReference; explicitFileType = wrapper.application; includeInIndex = 0; path = InstaPDP1.app; sourceTree = BUILT_PRODUCTS_DIR; };
		D417410B2631BF6300229C8D /* AppDelegate.swift */ = {isa = PBXFileReference; lastKnownFileType = sourcecode.swift; path = AppDelegate.swift; sourceTree = "<group>"; };
		D417410D2631BF6300229C8D /* SceneDelegate.swift */ = {isa = PBXFileReference; lastKnownFileType = sourcecode.swift; path = SceneDelegate.swift; sourceTree = "<group>"; };
		D41741122631BF6300229C8D /* Base */ = {isa = PBXFileReference; lastKnownFileType = file.storyboard; name = Base; path = Base.lproj/Main.storyboard; sourceTree = "<group>"; };
		D41741152631BF6300229C8D /* InstaPDP1.xcdatamodel */ = {isa = PBXFileReference; lastKnownFileType = wrapper.xcdatamodel; path = InstaPDP1.xcdatamodel; sourceTree = "<group>"; };
		D41741172631BF6600229C8D /* Assets.xcassets */ = {isa = PBXFileReference; lastKnownFileType = folder.assetcatalog; path = Assets.xcassets; sourceTree = "<group>"; };
		D417411A2631BF6600229C8D /* Base */ = {isa = PBXFileReference; lastKnownFileType = file.storyboard; name = Base; path = Base.lproj/LaunchScreen.storyboard; sourceTree = "<group>"; };
		D417411C2631BF6600229C8D /* Info.plist */ = {isa = PBXFileReference; lastKnownFileType = text.plist.xml; path = Info.plist; sourceTree = "<group>"; };
		D41741262631BFBD00229C8D /* HomeViewController.swift */ = {isa = PBXFileReference; lastKnownFileType = sourcecode.swift; path = HomeViewController.swift; sourceTree = "<group>"; };
		D41741272631BFBD00229C8D /* HomeViewController.xib */ = {isa = PBXFileReference; lastKnownFileType = file.xib; path = HomeViewController.xib; sourceTree = "<group>"; };
		D417412B2631BFD600229C8D /* SignInViewController.swift */ = {isa = PBXFileReference; lastKnownFileType = sourcecode.swift; path = SignInViewController.swift; sourceTree = "<group>"; };
		D417412C2631BFD600229C8D /* SignInViewController.xib */ = {isa = PBXFileReference; lastKnownFileType = file.xib; path = SignInViewController.xib; sourceTree = "<group>"; };
		D41741302631BFEA00229C8D /* SignUpViewController.swift */ = {isa = PBXFileReference; lastKnownFileType = sourcecode.swift; path = SignUpViewController.swift; sourceTree = "<group>"; };
		D41741312631BFEA00229C8D /* SignUpViewController.xib */ = {isa = PBXFileReference; lastKnownFileType = file.xib; path = SignUpViewController.xib; sourceTree = "<group>"; };
		D4174135263302EC00229C8D /* BaseViewController.swift */ = {isa = PBXFileReference; lastKnownFileType = sourcecode.swift; path = BaseViewController.swift; sourceTree = "<group>"; };
/* End PBXFileReference section */

/* Begin PBXFrameworksBuildPhase section */
		D41741052631BF6300229C8D /* Frameworks */ = {
			isa = PBXFrameworksBuildPhase;
			buildActionMask = 2147483647;
			files = (
			);
			runOnlyForDeploymentPostprocessing = 0;
		};
/* End PBXFrameworksBuildPhase section */

/* Begin PBXGroup section */
		D41740FF2631BF6300229C8D = {
			isa = PBXGroup;
			children = (
				D417410A2631BF6300229C8D /* InstaPDP1 */,
				D41741092631BF6300229C8D /* Products */,
			);
			sourceTree = "<group>";
		};
		D41741092631BF6300229C8D /* Products */ = {
			isa = PBXGroup;
			children = (
				D41741082631BF6300229C8D /* InstaPDP1.app */,
			);
			name = Products;
			sourceTree = "<group>";
		};
		D417410A2631BF6300229C8D /* InstaPDP1 */ = {
			isa = PBXGroup;
			children = (
				D41741252631BF9E00229C8D /* controllers */,
				D41741232631BF7000229C8D /* apputilis */,
				D417410B2631BF6300229C8D /* AppDelegate.swift */,
				D417410D2631BF6300229C8D /* SceneDelegate.swift */,
				D417411C2631BF6600229C8D /* Info.plist */,
			);
			path = InstaPDP1;
			sourceTree = "<group>";
		};
		D41741232631BF7000229C8D /* apputilis */ = {
			isa = PBXGroup;
			children = (
				D41741112631BF6300229C8D /* Main.storyboard */,
				D41741172631BF6600229C8D /* Assets.xcassets */,
				D41741192631BF6600229C8D /* LaunchScreen.storyboard */,
				D41741142631BF6300229C8D /* InstaPDP1.xcdatamodeld */,
			);
			path = apputilis;
			sourceTree = "<group>";
		};
		D41741252631BF9E00229C8D /* controllers */ = {
			isa = PBXGroup;
			children = (
				D4174135263302EC00229C8D /* BaseViewController.swift */,
				D41741262631BFBD00229C8D /* HomeViewController.swift */,
				D41741272631BFBD00229C8D /* HomeViewController.xib */,
				D417412B2631BFD600229C8D /* SignInViewController.swift */,
				D417412C2631BFD600229C8D /* SignInViewController.xib */,
				D41741302631BFEA00229C8D /* SignUpViewController.swift */,
				D41741312631BFEA00229C8D /* SignUpViewController.xib */,
			);
			path = controllers;
			sourceTree = "<group>";
		};
/* End PBXGroup section */

/* Begin PBXNativeTarget section */
		D41741072631BF6300229C8D /* InstaPDP1 */ = {
			isa = PBXNativeTarget;
			buildConfigurationList = D417411F2631BF6600229C8D /* Build configuration list for PBXNativeTarget "InstaPDP1" */;
			buildPhases = (
				D41741042631BF6300229C8D /* Sources */,
				D41741052631BF6300229C8D /* Frameworks */,
				D41741062631BF6300229C8D /* Resources */,
			);
			buildRules = (
			);
			dependencies = (
			);
			name = InstaPDP1;
			productName = InstaPDP1;
			productReference = D41741082631BF6300229C8D /* InstaPDP1.app */;
			productType = "com.apple.product-type.application";
		};
/* End PBXNativeTarget section */

/* Begin PBXProject section */
		D41741002631BF6300229C8D /* Project object */ = {
			isa = PBXProject;
			attributes = {
				LastSwiftUpdateCheck = 1240;
				LastUpgradeCheck = 1240;
				TargetAttributes = {
					D41741072631BF6300229C8D = {
						CreatedOnToolsVersion = 12.4;
					};
				};
			};
			buildConfigurationList = D41741032631BF6300229C8D /* Build configuration list for PBXProject "InstaPDP1" */;
			compatibilityVersion = "Xcode 9.3";
			developmentRegion = en;
			hasScannedForEncodings = 0;
			knownRegions = (
				en,
				Base,
			);
			mainGroup = D41740FF2631BF6300229C8D;
			productRefGroup = D41741092631BF6300229C8D /* Products */;
			projectDirPath = "";
			projectRoot = "";
			targets = (
				D41741072631BF6300229C8D /* InstaPDP1 */,
			);
		};
/* End PBXProject section */

/* Begin PBXResourcesBuildPhase section */
		D41741062631BF6300229C8D /* Resources */ = {
			isa = PBXResourcesBuildPhase;
			buildActionMask = 2147483647;
			files = (
				D417412E2631BFD600229C8D /* SignInViewController.xib in Resources */,
				D417411B2631BF6600229C8D /* LaunchScreen.storyboard in Resources */,
				D41741182631BF6600229C8D /* Assets.xcassets in Resources */,
				D41741132631BF6300229C8D /* Main.storyboard in Resources */,
				D41741332631BFEA00229C8D /* SignUpViewController.xib in Resources */,
				D41741292631BFBD00229C8D /* HomeViewController.xib in Resources */,
			);
			runOnlyForDeploymentPostprocessing = 0;
		};
/* End PBXResourcesBuildPhase section */

/* Begin PBXSourcesBuildPhase section */
		D41741042631BF6300229C8D /* Sources */ = {
			isa = PBXSourcesBuildPhase;
			buildActionMask = 2147483647;
			files = (
				D41741322631BFEA00229C8D /* SignUpViewController.swift in Sources */,
				D417410C2631BF6300229C8D /* AppDelegate.swift in Sources */,
				D41741162631BF6300229C8D /* InstaPDP1.xcdatamodeld in Sources */,
				D417410E2631BF6300229C8D /* SceneDelegate.swift in Sources */,
				D417412D2631BFD600229C8D /* SignInViewController.swift in Sources */,
				D4174136263302EC00229C8D /* BaseViewController.swift in Sources */,
				D41741282631BFBD00229C8D /* HomeViewController.swift in Sources */,
			);
			runOnlyForDeploymentPostprocessing = 0;
		};
/* End PBXSourcesBuildPhase section */

/* Begin PBXVariantGroup section */
		D41741112631BF6300229C8D /* Main.storyboard */ = {
			isa = PBXVariantGroup;
			children = (
				D41741122631BF6300229C8D /* Base */,
			);
			name = Main.storyboard;
			sourceTree = "<group>";
		};
		D41741192631BF6600229C8D /* LaunchScreen.storyboard */ = {
			isa = PBXVariantGroup;
			children = (
				D417411A2631BF6600229C8D /* Base */,
			);
			name = LaunchScreen.storyboard;
			sourceTree = "<group>";
		};
/* End PBXVariantGroup section */

/* Begin XCBuildConfiguration section */
		D417411D2631BF6600229C8D /* Debug */ = {
			isa = XCBuildConfiguration;
			buildSettings = {
				ALWAYS_SEARCH_USER_PATHS = NO;
				CLANG_ANALYZER_NONNULL = YES;
				CLANG_ANALYZER_NUMBER_OBJECT_CONVERSION = YES_AGGRESSIVE;
				CLANG_CXX_LANGUAGE_STANDARD = "gnu++14";
				CLANG_CXX_LIBRARY = "libc++";
				CLANG_ENABLE_MODULES = YES;
				CLANG_ENABLE_OBJC_ARC = YES;
				CLANG_ENABLE_OBJC_WEAK = YES;
				CLANG_WARN_BLOCK_CAPTURE_AUTORELEASING = YES;
				CLANG_WARN_BOOL_CONVERSION = YES;
				CLANG_WARN_COMMA = YES;
				CLANG_WARN_CONSTANT_CONVERSION = YES;
				CLANG_WARN_DEPRECATED_OBJC_IMPLEMENTATIONS = YES;
				CLANG_WARN_DIRECT_OBJC_ISA_USAGE = YES_ERROR;
				CLANG_WARN_DOCUMENTATION_COMMENTS = YES;
				CLANG_WARN_EMPTY_BODY = YES;
				CLANG_WARN_ENUM_CONVERSION = YES;
				CLANG_WARN_INFINITE_RECURSION = YES;
				CLANG_WARN_INT_CONVERSION = YES;
				CLANG_WARN_NON_LITERAL_NULL_CONVERSION = YES;
				CLANG_WARN_OBJC_IMPLICIT_RETAIN_SELF = YES;
				CLANG_WARN_OBJC_LITERAL_CONVERSION = YES;
				CLANG_WARN_OBJC_ROOT_CLASS = YES_ERROR;
				CLANG_WARN_QUOTED_INCLUDE_IN_FRAMEWORK_HEADER = YES;
				CLANG_WARN_RANGE_LOOP_ANALYSIS = YES;
				CLANG_WARN_STRICT_PROTOTYPES = YES;
				CLANG_WARN_SUSPICIOUS_MOVE = YES;
				CLANG_WARN_UNGUARDED_AVAILABILITY = YES_AGGRESSIVE;
				CLANG_WARN_UNREACHABLE_CODE = YES;
				CLANG_WARN__DUPLICATE_METHOD_MATCH = YES;
				COPY_PHASE_STRIP = NO;
				DEBUG_INFORMATION_FORMAT = dwarf;
				ENABLE_STRICT_OBJC_MSGSEND = YES;
				ENABLE_TESTABILITY = YES;
				GCC_C_LANGUAGE_STANDARD = gnu11;
				GCC_DYNAMIC_NO_PIC = NO;
				GCC_NO_COMMON_BLOCKS = YES;
				GCC_OPTIMIZATION_LEVEL = 0;
				GCC_PREPROCESSOR_DEFINITIONS = (
					"DEBUG=1",
					"$(inherited)",
				);
				GCC_WARN_64_TO_32_BIT_CONVERSION = YES;
				GCC_WARN_ABOUT_RETURN_TYPE = YES_ERROR;
				GCC_WARN_UNDECLARED_SELECTOR = YES;
				GCC_WARN_UNINITIALIZED_AUTOS = YES_AGGRESSIVE;
				GCC_WARN_UNUSED_FUNCTION = YES;
				GCC_WARN_UNUSED_VARIABLE = YES;
				IPHONEOS_DEPLOYMENT_TARGET = 14.4;
				MTL_ENABLE_DEBUG_INFO = INCLUDE_SOURCE;
				MTL_FAST_MATH = YES;
				ONLY_ACTIVE_ARCH = YES;
				SDKROOT = iphoneos;
				SWIFT_ACTIVE_COMPILATION_CONDITIONS = DEBUG;
				SWIFT_OPTIMIZATION_LEVEL = "-Onone";
			};
			name = Debug;
		};
		D417411E2631BF6600229C8D /* Release */ = {
			isa = XCBuildConfiguration;
			buildSettings = {
				ALWAYS_SEARCH_USER_PATHS = NO;
				CLANG_ANALYZER_NONNULL = YES;
				CLANG_ANALYZER_NUMBER_OBJECT_CONVERSION = YES_AGGRESSIVE;
				CLANG_CXX_LANGUAGE_STANDARD = "gnu++14";
				CLANG_CXX_LIBRARY = "libc++";
				CLANG_ENABLE_MODULES = YES;
				CLANG_ENABLE_OBJC_ARC = YES;
				CLANG_ENABLE_OBJC_WEAK = YES;
				CLANG_WARN_BLOCK_CAPTURE_AUTORELEASING = YES;
				CLANG_WARN_BOOL_CONVERSION = YES;
				CLANG_WARN_COMMA = YES;
				CLANG_WARN_CONSTANT_CONVERSION = YES;
				CLANG_WARN_DEPRECATED_OBJC_IMPLEMENTATIONS = YES;
				CLANG_WARN_DIRECT_OBJC_ISA_USAGE = YES_ERROR;
				CLANG_WARN_DOCUMENTATION_COMMENTS = YES;
				CLANG_WARN_EMPTY_BODY = YES;
				CLANG_WARN_ENUM_CONVERSION = YES;
				CLANG_WARN_INFINITE_RECURSION = YES;
				CLANG_WARN_INT_CONVERSION = YES;
				CLANG_WARN_NON_LITERAL_NULL_CONVERSION = YES;
				CLANG_WARN_OBJC_IMPLICIT_RETAIN_SELF = YES;
				CLANG_WARN_OBJC_LITERAL_CONVERSION = YES;
				CLANG_WARN_OBJC_ROOT_CLASS = YES_ERROR;
				CLANG_WARN_QUOTED_INCLUDE_IN_FRAMEWORK_HEADER = YES;
				CLANG_WARN_RANGE_LOOP_ANALYSIS = YES;
				CLANG_WARN_STRICT_PROTOTYPES = YES;
				CLANG_WARN_SUSPICIOUS_MOVE = YES;
				CLANG_WARN_UNGUARDED_AVAILABILITY = YES_AGGRESSIVE;
				CLANG_WARN_UNREACHABLE_CODE = YES;
				CLANG_WARN__DUPLICATE_METHOD_MATCH = YES;
				COPY_PHASE_STRIP = NO;
				DEBUG_INFORMATION_FORMAT = "dwarf-with-dsym";
				ENABLE_NS_ASSERTIONS = NO;
				ENABLE_STRICT_OBJC_MSGSEND = YES;
				GCC_C_LANGUAGE_STANDARD = gnu11;
				GCC_NO_COMMON_BLOCKS = YES;
				GCC_WARN_64_TO_32_BIT_CONVERSION = YES;
				GCC_WARN_ABOUT_RETURN_TYPE = YES_ERROR;
				GCC_WARN_UNDECLARED_SELECTOR = YES;
				GCC_WARN_UNINITIALIZED_AUTOS = YES_AGGRESSIVE;
				GCC_WARN_UNUSED_FUNCTION = YES;
				GCC_WARN_UNUSED_VARIABLE = YES;
				IPHONEOS_DEPLOYMENT_TARGET = 14.4;
				MTL_ENABLE_DEBUG_INFO = NO;
				MTL_FAST_MATH = YES;
				SDKROOT = iphoneos;
				SWIFT_COMPILATION_MODE = wholemodule;
				SWIFT_OPTIMIZATION_LEVEL = "-O";
				VALIDATE_PRODUCT = YES;
			};
			name = Release;
		};
		D41741202631BF6600229C8D /* Debug */ = {
			isa = XCBuildConfiguration;
			buildSettings = {
				ASSETCATALOG_COMPILER_APPICON_NAME = AppIcon;
				ASSETCATALOG_COMPILER_GLOBAL_ACCENT_COLOR_NAME = AccentColor;
				CODE_SIGN_STYLE = Automatic;
				INFOPLIST_FILE = InstaPDP1/Info.plist;
				LD_RUNPATH_SEARCH_PATHS = (
					"$(inherited)",
					"@executable_path/Frameworks",
				);
				PRODUCT_BUNDLE_IDENTIFIER = "com.m-foundation.InstaPDP1";
				PRODUCT_NAME = "$(TARGET_NAME)";
				SWIFT_VERSION = 5.0;
				TARGETED_DEVICE_FAMILY = "1,2";
			};
			name = Debug;
		};
		D41741212631BF6600229C8D /* Release */ = {
			isa = XCBuildConfiguration;
			buildSettings = {
				ASSETCATALOG_COMPILER_APPICON_NAME = AppIcon;
				ASSETCATALOG_COMPILER_GLOBAL_ACCENT_COLOR_NAME = AccentColor;
				CODE_SIGN_STYLE = Automatic;
				INFOPLIST_FILE = InstaPDP1/Info.plist;
				LD_RUNPATH_SEARCH_PATHS = (
					"$(inherited)",
					"@executable_path/Frameworks",
				);
				PRODUCT_BUNDLE_IDENTIFIER = "com.m-foundation.InstaPDP1";
				PRODUCT_NAME = "$(TARGET_NAME)";
				SWIFT_VERSION = 5.0;
				TARGETED_DEVICE_FAMILY = "1,2";
			};
			name = Release;
		};
/* End XCBuildConfiguration section */

/* Begin XCConfigurationList section */
		D41741032631BF6300229C8D /* Build configuration list for PBXProject "InstaPDP1" */ = {
			isa = XCConfigurationList;
			buildConfigurations = (
				D417411D2631BF6600229C8D /* Debug */,
				D417411E2631BF6600229C8D /* Release */,
			);
			defaultConfigurationIsVisible = 0;
			defaultConfigurationName = Release;
		};
		D417411F2631BF6600229C8D /* Build configuration list for PBXNativeTarget "InstaPDP1" */ = {
			isa = XCConfigurationList;
			buildConfigurations = (
				D41741202631BF6600229C8D /* Debug */,
				D41741212631BF6600229C8D /* Release */,
			);
			defaultConfigurationIsVisible = 0;
			defaultConfigurationName = Release;
		};
/* End XCConfigurationList section */

/* Begin XCVersionGroup section */
		D41741142631BF6300229C8D /* InstaPDP1.xcdatamodeld */ = {
			isa = XCVersionGroup;
			children = (
				D41741152631BF6300229C8D /* InstaPDP1.xcdatamodel */,
			);
			currentVersion = D41741152631BF6300229C8D /* InstaPDP1.xcdatamodel */;
			path = InstaPDP1.xcdatamodeld;
			sourceTree = "<group>";
			versionGroupType = wrapper.xcdatamodel;
		};
/* End XCVersionGroup section */
	};
	rootObject = D41741002631BF6300229C8D /* Project object */;
}
